
Microsoft Visual Studio Solution File, Format Version 12.00
# Visual Studio Version 17
VisualStudioVersion = 17.9.34518.117
MinimumVisualStudioVersion = 10.0.40219.1
Project("{9A19103F-16F7-4668-BE54-9A1E7A4F7556}") = "Sample.Api", "src\Sample.Api\Sample.Api.csproj", "{1B01D1CD-459B-47B4-8872-AE1F22B08287}"
EndProject
Project("{2150E333-8FDC-42A3-9474-1A3956D46DE8}") = "Solution Items", "Solution Items", "{6826128B-5BBB-4E5C-A6CB-5033EC8B80D9}"
	ProjectSection(SolutionItems) = preProject
		README.md = README.md
	EndProjectSection
EndProject
Global
	GlobalSection(SolutionConfigurationPlatforms) = preSolution
		Debug|Any CPU = Debug|Any CPU
		Release|Any CPU = Release|Any CPU
	EndGlobalSection
	GlobalSection(ProjectConfigurationPlatforms) = postSolution
		{1B01D1CD-459B-47B4-8872-AE1F22B08287}.Debug|Any CPU.ActiveCfg = Debug|Any CPU
		{1B01D1CD-459B-47B4-8872-AE1F22B08287}.Debug|Any CPU.Build.0 = Debug|Any CPU
		{1B01D1CD-459B-47B4-8872-AE1F22B08287}.Release|Any CPU.ActiveCfg = Release|Any CPU
		{1B01D1CD-459B-47B4-8872-AE1F22B08287}.Release|Any CPU.Build.0 = Release|Any CPU
	EndGlobalSection
	GlobalSection(SolutionProperties) = preSolution
		HideSolutionNode = FALSE
	EndGlobalSection
	GlobalSection(ExtensibilityGlobals) = postSolution
		SolutionGuid = {ECEBECB2-A987-4BFB-B133-A00F82E936BE}
	EndGlobalSection
EndGlobal
